// !$*UTF8*$!
{
	archiveVersion = 1;
	classes = {
	};
	objectVersion = 46;
	objects = {

/* Begin PBXBuildFile section */
		C974FC971C45634500E0BA7B /* AppDelegate.swift in Sources */ = {isa = PBXBuildFile; fileRef = C974FC961C45634500E0BA7B /* AppDelegate.swift */; };
		C974FC991C45634500E0BA7B /* ViewController.swift in Sources */ = {isa = PBXBuildFile; fileRef = C974FC981C45634500E0BA7B /* ViewController.swift */; };
		C974FC9C1C45634500E0BA7B /* Main.storyboard in Resources */ = {isa = PBXBuildFile; fileRef = C974FC9A1C45634500E0BA7B /* Main.storyboard */; };
		C974FC9E1C45634500E0BA7B /* Assets.xcassets in Resources */ = {isa = PBXBuildFile; fileRef = C974FC9D1C45634500E0BA7B /* Assets.xcassets */; };
		C974FCA11C45634500E0BA7B /* LaunchScreen.storyboard in Resources */ = {isa = PBXBuildFile; fileRef = C974FC9F1C45634500E0BA7B /* LaunchScreen.storyboard */; };
		C974FCAC1C45634500E0BA7B /* AhorcadoTests.swift in Sources */ = {isa = PBXBuildFile; fileRef = C974FCAB1C45634500E0BA7B /* AhorcadoTests.swift */; };
		C974FCB71C45634500E0BA7B /* AhorcadoUITests.swift in Sources */ = {isa = PBXBuildFile; fileRef = C974FCB61C45634500E0BA7B /* AhorcadoUITests.swift */; };
		C9C615B11C594ED600AAAE17 /* SecondViewController.swift in Sources */ = {isa = PBXBuildFile; fileRef = C9C615B01C594ED600AAAE17 /* SecondViewController.swift */; settings = {ASSET_TAGS = (); }; };
/* End PBXBuildFile section */

/* Begin PBXContainerItemProxy section */
		C974FCA81C45634500E0BA7B /* PBXContainerItemProxy */ = {
			isa = PBXContainerItemProxy;
			containerPortal = C974FC8B1C45634500E0BA7B /* Project object */;
			proxyType = 1;
			remoteGlobalIDString = C974FC921C45634500E0BA7B;
			remoteInfo = Ahorcado;
		};
		C974FCB31C45634500E0BA7B /* PBXContainerItemProxy */ = {
			isa = PBXContainerItemProxy;
			containerPortal = C974FC8B1C45634500E0BA7B /* Project object */;
			proxyType = 1;
			remoteGlobalIDString = C974FC921C45634500E0BA7B;
			remoteInfo = Ahorcado;
		};
/* End PBXContainerItemProxy section */

/* Begin PBXFileReference section */
		C974FC931C45634500E0BA7B /* Ahorcado.app */ = {isa = PBXFileReference; explicitFileType = wrapper.application; includeInIndex = 0; path = Ahorcado.app; sourceTree = BUILT_PRODUCTS_DIR; };
		C974FC961C45634500E0BA7B /* AppDelegate.swift */ = {isa = PBXFileReference; lastKnownFileType = sourcecode.swift; path = AppDelegate.swift; sourceTree = "<group>"; };
		C974FC981C45634500E0BA7B /* ViewController.swift */ = {isa = PBXFileReference; lastKnownFileType = sourcecode.swift; path = ViewController.swift; sourceTree = "<group>"; };
		C974FC9B1C45634500E0BA7B /* Base */ = {isa = PBXFileReference; lastKnownFileType = file.storyboard; name = Base; path = Base.lproj/Main.storyboard; sourceTree = "<group>"; };
		C974FC9D1C45634500E0BA7B /* Assets.xcassets */ = {isa = PBXFileReference; lastKnownFileType = folder.assetcatalog; path = Assets.xcassets; sourceTree = "<group>"; };
		C974FCA01C45634500E0BA7B /* Base */ = {isa = PBXFileReference; lastKnownFileType = file.storyboard; name = Base; path = Base.lproj/LaunchScreen.storyboard; sourceTree = "<group>"; };
		C974FCA21C45634500E0BA7B /* Info.plist */ = {isa = PBXFileReference; lastKnownFileType = text.plist.xml; path = Info.plist; sourceTree = "<group>"; };
		C974FCA71C45634500E0BA7B /* AhorcadoTests.xctest */ = {isa = PBXFileReference; explicitFileType = wrapper.cfbundle; includeInIndex = 0; path = AhorcadoTests.xctest; sourceTree = BUILT_PRODUCTS_DIR; };
		C974FCAB1C45634500E0BA7B /* AhorcadoTests.swift */ = {isa = PBXFileReference; lastKnownFileType = sourcecode.swift; path = AhorcadoTests.swift; sourceTree = "<group>"; };
		C974FCAD1C45634500E0BA7B /* Info.plist */ = {isa = PBXFileReference; lastKnownFileType = text.plist.xml; path = Info.plist; sourceTree = "<group>"; };
		C974FCB21C45634500E0BA7B /* AhorcadoUITests.xctest */ = {isa = PBXFileReference; explicitFileType = wrapper.cfbundle; includeInIndex = 0; path = AhorcadoUITests.xctest; sourceTree = BUILT_PRODUCTS_DIR; };
		C974FCB61C45634500E0BA7B /* AhorcadoUITests.swift */ = {isa = PBXFileReference; lastKnownFileType = sourcecode.swift; path = AhorcadoUITests.swift; sourceTree = "<group>"; };
		C974FCB81C45634500E0BA7B /* Info.plist */ = {isa = PBXFileReference; lastKnownFileType = text.plist.xml; path = Info.plist; sourceTree = "<group>"; };
		C9C615B01C594ED600AAAE17 /* SecondViewController.swift */ = {isa = PBXFileReference; fileEncoding = 4; lastKnownFileType = sourcecode.swift; path = SecondViewController.swift; sourceTree = "<group>"; };
/* End PBXFileReference section */

/* Begin PBXFrameworksBuildPhase section */
		C974FC901C45634500E0BA7B /* Frameworks */ = {
			isa = PBXFrameworksBuildPhase;
			buildActionMask = 2147483647;
			files = (
			);
			runOnlyForDeploymentPostprocessing = 0;
		};
		C974FCA41C45634500E0BA7B /* Frameworks */ = {
			isa = PBXFrameworksBuildPhase;
			buildActionMask = 2147483647;
			files = (
			);
			runOnlyForDeploymentPostprocessing = 0;
		};
		C974FCAF1C45634500E0BA7B /* Frameworks */ = {
			isa = PBXFrameworksBuildPhase;
			buildActionMask = 2147483647;
			files = (
			);
			runOnlyForDeploymentPostprocessing = 0;
		};
/* End PBXFrameworksBuildPhase section */

/* Begin PBXGroup section */
		C974FC8A1C45634500E0BA7B = {
			isa = PBXGroup;
			children = (
				C974FC951C45634500E0BA7B /* Ahorcado */,
				C974FCAA1C45634500E0BA7B /* AhorcadoTests */,
				C974FCB51C45634500E0BA7B /* AhorcadoUITests */,
				C974FC941C45634500E0BA7B /* Products */,
			);
			sourceTree = "<group>";
		};
		C974FC941C45634500E0BA7B /* Products */ = {
			isa = PBXGroup;
			children = (
				C974FC931C45634500E0BA7B /* Ahorcado.app */,
				C974FCA71C45634500E0BA7B /* AhorcadoTests.xctest */,
				C974FCB21C45634500E0BA7B /* AhorcadoUITests.xctest */,
			);
			name = Products;
			sourceTree = "<group>";
		};
		C974FC951C45634500E0BA7B /* Ahorcado */ = {
			isa = PBXGroup;
			children = (
				C974FC961C45634500E0BA7B /* AppDelegate.swift */,
				C974FC981C45634500E0BA7B /* ViewController.swift */,
				C974FC9A1C45634500E0BA7B /* Main.storyboard */,
				C974FC9D1C45634500E0BA7B /* Assets.xcassets */,
				C974FC9F1C45634500E0BA7B /* LaunchScreen.storyboard */,
				C974FCA21C45634500E0BA7B /* Info.plist */,
				C9C615B01C594ED600AAAE17 /* SecondViewController.swift */,
			);
			path = Ahorcado;
			sourceTree = "<group>";
		};
		C974FCAA1C45634500E0BA7B /* AhorcadoTests */ = {
			isa = PBXGroup;
			children = (
				C974FCAB1C45634500E0BA7B /* AhorcadoTests.swift */,
				C974FCAD1C45634500E0BA7B /* Info.plist */,
			);
			path = AhorcadoTests;
			sourceTree = "<group>";
		};
		C974FCB51C45634500E0BA7B /* AhorcadoUITests */ = {
			isa = PBXGroup;
			children = (
				C974FCB61C45634500E0BA7B /* AhorcadoUITests.swift */,
				C974FCB81C45634500E0BA7B /* Info.plist */,
			);
			path = AhorcadoUITests;
			sourceTree = "<group>";
		};
/* End PBXGroup section */

/* Begin PBXNativeTarget section */
		C974FC921C45634500E0BA7B /* Ahorcado */ = {
			isa = PBXNativeTarget;
			buildConfigurationList = C974FCBB1C45634500E0BA7B /* Build configuration list for PBXNativeTarget "Ahorcado" */;
			buildPhases = (
				C974FC8F1C45634500E0BA7B /* Sources */,
				C974FC901C45634500E0BA7B /* Frameworks */,
				C974FC911C45634500E0BA7B /* Resources */,
			);
			buildRules = (
			);
			dependencies = (
			);
			name = Ahorcado;
			productName = Ahorcado;
			productReference = C974FC931C45634500E0BA7B /* Ahorcado.app */;
			productType = "com.apple.product-type.application";
		};
		C974FCA61C45634500E0BA7B /* AhorcadoTests */ = {
			isa = PBXNativeTarget;
			buildConfigurationList = C974FCBE1C45634500E0BA7B /* Build configuration list for PBXNativeTarget "AhorcadoTests" */;
			buildPhases = (
				C974FCA31C45634500E0BA7B /* Sources */,
				C974FCA41C45634500E0BA7B /* Frameworks */,
				C974FCA51C45634500E0BA7B /* Resources */,
			);
			buildRules = (
			);
			dependencies = (
				C974FCA91C45634500E0BA7B /* PBXTargetDependency */,
			);
			name = AhorcadoTests;
			productName = AhorcadoTests;
			productReference = C974FCA71C45634500E0BA7B /* AhorcadoTests.xctest */;
			productType = "com.apple.product-type.bundle.unit-test";
		};
		C974FCB11C45634500E0BA7B /* AhorcadoUITests */ = {
			isa = PBXNativeTarget;
			buildConfigurationList = C974FCC11C45634500E0BA7B /* Build configuration list for PBXNativeTarget "AhorcadoUITests" */;
			buildPhases = (
				C974FCAE1C45634500E0BA7B /* Sources */,
				C974FCAF1C45634500E0BA7B /* Frameworks */,
				C974FCB01C45634500E0BA7B /* Resources */,
			);
			buildRules = (
			);
			dependencies = (
				C974FCB41C45634500E0BA7B /* PBXTargetDependency */,
			);
			name = AhorcadoUITests;
			productName = AhorcadoUITests;
			productReference = C974FCB21C45634500E0BA7B /* AhorcadoUITests.xctest */;
			productType = "com.apple.product-type.bundle.ui-testing";
		};
/* End PBXNativeTarget section */

/* Begin PBXProject section */
		C974FC8B1C45634500E0BA7B /* Project object */ = {
			isa = PBXProject;
			attributes = {
				LastSwiftUpdateCheck = 0700;
				LastUpgradeCheck = 0700;
				ORGANIZATIONNAME = usu27;
				TargetAttributes = {
					C974FC921C45634500E0BA7B = {
						CreatedOnToolsVersion = 7.0;
					};
					C974FCA61C45634500E0BA7B = {
						CreatedOnToolsVersion = 7.0;
						TestTargetID = C974FC921C45634500E0BA7B;
					};
					C974FCB11C45634500E0BA7B = {
						CreatedOnToolsVersion = 7.0;
						TestTargetID = C974FC921C45634500E0BA7B;
					};
				};
			};
			buildConfigurationList = C974FC8E1C45634500E0BA7B /* Build configuration list for PBXProject "Ahorcado" */;
			compatibilityVersion = "Xcode 3.2";
			developmentRegion = English;
			hasScannedForEncodings = 0;
			knownRegions = (
				en,
				Base,
			);
			mainGroup = C974FC8A1C45634500E0BA7B;
			productRefGroup = C974FC941C45634500E0BA7B /* Products */;
			projectDirPath = "";
			projectRoot = "";
			targets = (
				C974FC921C45634500E0BA7B /* Ahorcado */,
				C974FCA61C45634500E0BA7B /* AhorcadoTests */,
				C974FCB11C45634500E0BA7B /* AhorcadoUITests */,
			);
		};
/* End PBXProject section */

/* Begin PBXResourcesBuildPhase section */
		C974FC911C45634500E0BA7B /* Resources */ = {
			isa = PBXResourcesBuildPhase;
			buildActionMask = 2147483647;
			files = (
				C974FCA11C45634500E0BA7B /* LaunchScreen.storyboard in Resources */,
				C974FC9E1C45634500E0BA7B /* Assets.xcassets in Resources */,
				C974FC9C1C45634500E0BA7B /* Main.storyboard in Resources */,
			);
			runOnlyForDeploymentPostprocessing = 0;
		};
		C974FCA51C45634500E0BA7B /* Resources */ = {
			isa = PBXResourcesBuildPhase;
			buildActionMask = 2147483647;
			files = (
			);
			runOnlyForDeploymentPostprocessing = 0;
		};
		C974FCB01C45634500E0BA7B /* Resources */ = {
			isa = PBXResourcesBuildPhase;
			buildActionMask = 2147483647;
			files = (
			);
			runOnlyForDeploymentPostprocessing = 0;
		};
/* End PBXResourcesBuildPhase section */

/* Begin PBXSourcesBuildPhase section */
		C974FC8F1C45634500E0BA7B /* Sources */ = {
			isa = PBXSourcesBuildPhase;
			buildActionMask = 2147483647;
			files = (
				C9C615B11C594ED600AAAE17 /* SecondViewController.swift in Sources */,
				C974FC991C45634500E0BA7B /* ViewController.swift in Sources */,
				C974FC971C45634500E0BA7B /* AppDelegate.swift in Sources */,
			);
			runOnlyForDeploymentPostprocessing = 0;
		};
		C974FCA31C45634500E0BA7B /* Sources */ = {
			isa = PBXSourcesBuildPhase;
			buildActionMask = 2147483647;
			files = (
				C974FCAC1C45634500E0BA7B /* AhorcadoTests.swift in Sources */,
			);
			runOnlyForDeploymentPostprocessing = 0;
		};
		C974FCAE1C45634500E0BA7B /* Sources */ = {
			isa = PBXSourcesBuildPhase;
			buildActionMask = 2147483647;
			files = (
				C974FCB71C45634500E0BA7B /* AhorcadoUITests.swift in Sources */,
			);
			runOnlyForDeploymentPostprocessing = 0;
		};
/* End PBXSourcesBuildPhase section */

/* Begin PBXTargetDependency section */
		C974FCA91C45634500E0BA7B /* PBXTargetDependency */ = {
			isa = PBXTargetDependency;
			target = C974FC921C45634500E0BA7B /* Ahorcado */;
			targetProxy = C974FCA81C45634500E0BA7B /* PBXContainerItemProxy */;
		};
		C974FCB41C45634500E0BA7B /* PBXTargetDependency */ = {
			isa = PBXTargetDependency;
			target = C974FC921C45634500E0BA7B /* Ahorcado */;
			targetProxy = C974FCB31C45634500E0BA7B /* PBXContainerItemProxy */;
		};
/* End PBXTargetDependency section */

/* Begin PBXVariantGroup section */
		C974FC9A1C45634500E0BA7B /* Main.storyboard */ = {
			isa = PBXVariantGroup;
			children = (
				C974FC9B1C45634500E0BA7B /* Base */,
			);
			name = Main.storyboard;
			sourceTree = "<group>";
		};
		C974FC9F1C45634500E0BA7B /* LaunchScreen.storyboard */ = {
			isa = PBXVariantGroup;
			children = (
				C974FCA01C45634500E0BA7B /* Base */,
			);
			name = LaunchScreen.storyboard;
			sourceTree = "<group>";
		};
/* End PBXVariantGroup section */

/* Begin XCBuildConfiguration section */
		C974FCB91C45634500E0BA7B /* Debug */ = {
			isa = XCBuildConfiguration;
			buildSettings = {
				ALWAYS_SEARCH_USER_PATHS = NO;
				CLANG_CXX_LANGUAGE_STANDARD = "gnu++0x";
				CLANG_CXX_LIBRARY = "libc++";
				CLANG_ENABLE_MODULES = YES;
				CLANG_ENABLE_OBJC_ARC = YES;
				CLANG_WARN_BOOL_CONVERSION = YES;
				CLANG_WARN_CONSTANT_CONVERSION = YES;
				CLANG_WARN_DIRECT_OBJC_ISA_USAGE = YES_ERROR;
				CLANG_WARN_EMPTY_BODY = YES;
				CLANG_WARN_ENUM_CONVERSION = YES;
				CLANG_WARN_INT_CONVERSION = YES;
				CLANG_WARN_OBJC_ROOT_CLASS = YES_ERROR;
				CLANG_WARN_UNREACHABLE_CODE = YES;
				CLANG_WARN__DUPLICATE_METHOD_MATCH = YES;
				"CODE_SIGN_IDENTITY[sdk=iphoneos*]" = "iPhone Developer";
				COPY_PHASE_STRIP = NO;
				DEBUG_INFORMATION_FORMAT = dwarf;
				ENABLE_STRICT_OBJC_MSGSEND = YES;
				ENABLE_TESTABILITY = YES;
				GCC_C_LANGUAGE_STANDARD = gnu99;
				GCC_DYNAMIC_NO_PIC = NO;
				GCC_NO_COMMON_BLOCKS = YES;
				GCC_OPTIMIZATION_LEVEL = 0;
				GCC_PREPROCESSOR_DEFINITIONS = (
					"DEBUG=1",
					"$(inherited)",
				);
				GCC_WARN_64_TO_32_BIT_CONVERSION = YES;
				GCC_WARN_ABOUT_RETURN_TYPE = YES_ERROR;
				GCC_WARN_UNDECLARED_SELECTOR = YES;
				GCC_WARN_UNINITIALIZED_AUTOS = YES_AGGRESSIVE;
				GCC_WARN_UNUSED_FUNCTION = YES;
				GCC_WARN_UNUSED_VARIABLE = YES;
				IPHONEOS_DEPLOYMENT_TARGET = 9.0;
				MTL_ENABLE_DEBUG_INFO = YES;
				ONLY_ACTIVE_ARCH = YES;
				SDKROOT = iphoneos;
				SWIFT_OPTIMIZATION_LEVEL = "-Onone";
			};
			name = Debug;
		};
		C974FCBA1C45634500E0BA7B /* Release */ = {
			isa = XCBuildConfiguration;
			buildSettings = {
				ALWAYS_SEARCH_USER_PATHS = NO;
				CLANG_CXX_LANGUAGE_STANDARD = "gnu++0x";
				CLANG_CXX_LIBRARY = "libc++";
				CLANG_ENABLE_MODULES = YES;
				CLANG_ENABLE_OBJC_ARC = YES;
				CLANG_WARN_BOOL_CONVERSION = YES;
				CLANG_WARN_CONSTANT_CONVERSION = YES;
				CLANG_WARN_DIRECT_OBJC_ISA_USAGE = YES_ERROR;
				CLANG_WARN_EMPTY_BODY = YES;
				CLANG_WARN_ENUM_CONVERSION = YES;
				CLANG_WARN_INT_CONVERSION = YES;
				CLANG_WARN_OBJC_ROOT_CLASS = YES_ERROR;
				CLANG_WARN_UNREACHABLE_CODE = YES;
				CLANG_WARN__DUPLICATE_METHOD_MATCH = YES;
				"CODE_SIGN_IDENTITY[sdk=iphoneos*]" = "iPhone Developer";
				COPY_PHASE_STRIP = NO;
				DEBUG_INFORMATION_FORMAT = "dwarf-with-dsym";
				ENABLE_NS_ASSERTIONS = NO;
				ENABLE_STRICT_OBJC_MSGSEND = YES;
				GCC_C_LANGUAGE_STANDARD = gnu99;
				GCC_NO_COMMON_BLOCKS = YES;
				GCC_WARN_64_TO_32_BIT_CONVERSION = YES;
				GCC_WARN_ABOUT_RETURN_TYPE = YES_ERROR;
				GCC_WARN_UNDECLARED_SELECTOR = YES;
				GCC_WARN_UNINITIALIZED_AUTOS = YES_AGGRESSIVE;
				GCC_WARN_UNUSED_FUNCTION = YES;
				GCC_WARN_UNUSED_VARIABLE = YES;
				IPHONEOS_DEPLOYMENT_TARGET = 9.0;
				MTL_ENABLE_DEBUG_INFO = NO;
				SDKROOT = iphoneos;
				VALIDATE_PRODUCT = YES;
			};
			name = Release;
		};
		C974FCBC1C45634500E0BA7B /* Debug */ = {
			isa = XCBuildConfiguration;
			buildSettings = {
				ASSETCATALOG_COMPILER_APPICON_NAME = AppIcon;
				CLANG_ENABLE_MODULES = YES;
				INFOPLIST_FILE = Ahorcado/Info.plist;
				LD_RUNPATH_SEARCH_PATHS = "$(inherited) @executable_path/Frameworks";
				PRODUCT_BUNDLE_IDENTIFIER = Eric.Ahorcado;
				PRODUCT_NAME = "$(TARGET_NAME)";
				SWIFT_OBJC_BRIDGING_HEADER = "Ahorcado/Ahorcado-Bridging-Header.h";
				SWIFT_OPTIMIZATION_LEVEL = "-Onone";
			};
			name = Debug;
		};
		C974FCBD1C45634500E0BA7B /* Release */ = {
			isa = XCBuildConfiguration;
			buildSettings = {
				ASSETCATALOG_COMPILER_APPICON_NAME = AppIcon;
				CLANG_ENABLE_MODULES = YES;
				INFOPLIST_FILE = Ahorcado/Info.plist;
				LD_RUNPATH_SEARCH_PATHS = "$(inherited) @executable_path/Frameworks";
				PRODUCT_BUNDLE_IDENTIFIER = Eric.Ahorcado;
				PRODUCT_NAME = "$(TARGET_NAME)";
				SWIFT_OBJC_BRIDGING_HEADER = "Ahorcado/Ahorcado-Bridging-Header.h";
			};
			name = Release;
		};
		C974FCBF1C45634500E0BA7B /* Debug */ = {
			isa = XCBuildConfiguration;
			buildSettings = {
				BUNDLE_LOADER = "$(TEST_HOST)";
				INFOPLIST_FILE = AhorcadoTests/Info.plist;
				LD_RUNPATH_SEARCH_PATHS = "$(inherited) @executable_path/Frameworks @loader_path/Frameworks";
				PRODUCT_BUNDLE_IDENTIFIER = Eric.AhorcadoTests;
				PRODUCT_NAME = "$(TARGET_NAME)";
				TEST_HOST = "$(BUILT_PRODUCTS_DIR)/Ahorcado.app/Ahorcado";
			};
			name = Debug;
		};
		C974FCC01C45634500E0BA7B /* Release */ = {
			isa = XCBuildConfiguration;
			buildSettings = {
				BUNDLE_LOADER = "$(TEST_HOST)";
				INFOPLIST_FILE = AhorcadoTests/Info.plist;
				LD_RUNPATH_SEARCH_PATHS = "$(inherited) @executable_path/Frameworks @loader_path/Frameworks";
				PRODUCT_BUNDLE_IDENTIFIER = Eric.AhorcadoTests;
				PRODUCT_NAME = "$(TARGET_NAME)";
				TEST_HOST = "$(BUILT_PRODUCTS_DIR)/Ahorcado.app/Ahorcado";
			};
			name = Release;
		};
		C974FCC21C45634500E0BA7B /* Debug */ = {
			isa = XCBuildConfiguration;
			buildSettings = {
				INFOPLIST_FILE = AhorcadoUITests/Info.plist;
				LD_RUNPATH_SEARCH_PATHS = "$(inherited) @executable_path/Frameworks @loader_path/Frameworks";
				PRODUCT_BUNDLE_IDENTIFIER = Eric.AhorcadoUITests;
				PRODUCT_NAME = "$(TARGET_NAME)";
				TEST_TARGET_NAME = Ahorcado;
				USES_XCTRUNNER = YES;
			};
			name = Debug;
		};
		C974FCC31C45634500E0BA7B /* Release */ = {
			isa = XCBuildConfiguration;
			buildSettings = {
				INFOPLIST_FILE = AhorcadoUITests/Info.plist;
				LD_RUNPATH_SEARCH_PATHS = "$(inherited) @executable_path/Frameworks @loader_path/Frameworks";
				PRODUCT_BUNDLE_IDENTIFIER = Eric.AhorcadoUITests;
				PRODUCT_NAME = "$(TARGET_NAME)";
				TEST_TARGET_NAME = Ahorcado;
				USES_XCTRUNNER = YES;
			};
			name = Release;
		};
/* End XCBuildConfiguration section */

/* Begin XCConfigurationList section */
		C974FC8E1C45634500E0BA7B /* Build configuration list for PBXProject "Ahorcado" */ = {
			isa = XCConfigurationList;
			buildConfigurations = (
				C974FCB91C45634500E0BA7B /* Debug */,
				C974FCBA1C45634500E0BA7B /* Release */,
			);
			defaultConfigurationIsVisible = 0;
			defaultConfigurationName = Release;
		};
		C974FCBB1C45634500E0BA7B /* Build configuration list for PBXNativeTarget "Ahorcado" */ = {
			isa = XCConfigurationList;
			buildConfigurations = (
				C974FCBC1C45634500E0BA7B /* Debug */,
				C974FCBD1C45634500E0BA7B /* Release */,
			);
			defaultConfigurationIsVisible = 0;
			defaultConfigurationName = Release;
		};
		C974FCBE1C45634500E0BA7B /* Build configuration list for PBXNativeTarget "AhorcadoTests" */ = {
			isa = XCConfigurationList;
			buildConfigurations = (
				C974FCBF1C45634500E0BA7B /* Debug */,
				C974FCC01C45634500E0BA7B /* Release */,
			);
			defaultConfigurationIsVisible = 0;
			defaultConfigurationName = Release;
		};
		C974FCC11C45634500E0BA7B /* Build configuration list for PBXNativeTarget "AhorcadoUITests" */ = {
			isa = XCConfigurationList;
			buildConfigurations = (
				C974FCC21C45634500E0BA7B /* Debug */,
				C974FCC31C45634500E0BA7B /* Release */,
			);
			defaultConfigurationIsVisible = 0;
			defaultConfigurationName = Release;
		};
/* End XCConfigurationList section */
	};
	rootObject = C974FC8B1C45634500E0BA7B /* Project object */;
}
